
Microsoft Visual Studio Solution File, Format Version 12.00
# Visual Studio Version 17
VisualStudioVersion = 17.1.32210.238
MinimumVisualStudioVersion = 10.0.40219.1
Project("{FAE04EC0-301F-11D3-BF4B-00C04F79EFBC}") = "BccupassMvc", "BccupassMvc\BccupassMvc.csproj", "{45164DAB-ED3D-478D-ACAD-4391E2BB4BD0}"
EndProject
Global
	GlobalSection(SolutionConfigurationPlatforms) = preSolution
		Debug|Any CPU = Debug|Any CPU
		Release|Any CPU = Release|Any CPU
	EndGlobalSection
	GlobalSection(ProjectConfigurationPlatforms) = postSolution
		{45164DAB-ED3D-478D-ACAD-4391E2BB4BD0}.Debug|Any CPU.ActiveCfg = Debug|Any CPU
		{45164DAB-ED3D-478D-ACAD-4391E2BB4BD0}.Debug|Any CPU.Build.0 = Debug|Any CPU
		{45164DAB-ED3D-478D-ACAD-4391E2BB4BD0}.Release|Any CPU.ActiveCfg = Release|Any CPU
		{45164DAB-ED3D-478D-ACAD-4391E2BB4BD0}.Release|Any CPU.Build.0 = Release|Any CPU
	EndGlobalSection
	GlobalSection(SolutionProperties) = preSolution
		HideSolutionNode = FALSE
	EndGlobalSection
	GlobalSection(ExtensibilityGlobals) = postSolution
		SolutionGuid = {7A2DE46E-0D2A-4B2E-AF88-2B0371E13DCC}
	EndGlobalSection
EndGlobal
